
Microsoft Visual Studio Solution File, Format Version 12.00
# Visual Studio 15
VisualStudioVersion = 15.0.28307.539
MinimumVisualStudioVersion = 10.0.40219.1
Project("{FAE04EC0-301F-11D3-BF4B-00C04F79EFBC}") = "WareHouse.UI", "WareHouse.UI\WareHouse.UI.csproj", "{31511A61-4CB8-4F8C-8862-8374A149D6E3}"
EndProject
Project("{FAE04EC0-301F-11D3-BF4B-00C04F79EFBC}") = "WareHouse.Model", "WareHouse.Model\WareHouse.Model.csproj", "{B579FF73-8F71-4AC5-A215-D7F86D1DB471}"
EndProject
Project("{FAE04EC0-301F-11D3-BF4B-00C04F79EFBC}") = "WareHouse.DAL", "WareHouse.DAL\WareHouse.DAL.csproj", "{B75C6236-4AC6-41B9-B4C4-F66AF19478BC}"
EndProject
Global
	GlobalSection(SolutionConfigurationPlatforms) = preSolution
		Debug|Any CPU = Debug|Any CPU
		Release|Any CPU = Release|Any CPU
	EndGlobalSection
	GlobalSection(ProjectConfigurationPlatforms) = postSolution
		{31511A61-4CB8-4F8C-8862-8374A149D6E3}.Debug|Any CPU.ActiveCfg = Debug|Any CPU
		{31511A61-4CB8-4F8C-8862-8374A149D6E3}.Debug|Any CPU.Build.0 = Debug|Any CPU
		{31511A61-4CB8-4F8C-8862-8374A149D6E3}.Release|Any CPU.ActiveCfg = Release|Any CPU
		{31511A61-4CB8-4F8C-8862-8374A149D6E3}.Release|Any CPU.Build.0 = Release|Any CPU
		{B579FF73-8F71-4AC5-A215-D7F86D1DB471}.Debug|Any CPU.ActiveCfg = Debug|Any CPU
		{B579FF73-8F71-4AC5-A215-D7F86D1DB471}.Debug|Any CPU.Build.0 = Debug|Any CPU
		{B579FF73-8F71-4AC5-A215-D7F86D1DB471}.Release|Any CPU.ActiveCfg = Release|Any CPU
		{B579FF73-8F71-4AC5-A215-D7F86D1DB471}.Release|Any CPU.Build.0 = Release|Any CPU
		{B75C6236-4AC6-41B9-B4C4-F66AF19478BC}.Debug|Any CPU.ActiveCfg = Debug|Any CPU
		{B75C6236-4AC6-41B9-B4C4-F66AF19478BC}.Debug|Any CPU.Build.0 = Debug|Any CPU
		{B75C6236-4AC6-41B9-B4C4-F66AF19478BC}.Release|Any CPU.ActiveCfg = Release|Any CPU
		{B75C6236-4AC6-41B9-B4C4-F66AF19478BC}.Release|Any CPU.Build.0 = Release|Any CPU
	EndGlobalSection
	GlobalSection(SolutionProperties) = preSolution
		HideSolutionNode = FALSE
	EndGlobalSection
	GlobalSection(ExtensibilityGlobals) = postSolution
		SolutionGuid = {53256EE9-ED06-4F44-8A2F-F7CAE1A2EE14}
	EndGlobalSection
EndGlobal
